
Microsoft Visual Studio Solution File, Format Version 12.00
# Visual Studio Version 17
VisualStudioVersion = 17.5.33530.505
MinimumVisualStudioVersion = 10.0.40219.1
Project("{FAE04EC0-301F-11D3-BF4B-00C04F79EFBC}") = "MethodOverloadingGeeks", "MethodOverloadingGeeks\MethodOverloadingGeeks.csproj", "{1D08B8F2-C10D-43DB-AE0E-BF432EF4AA63}"
EndProject
Global
	GlobalSection(SolutionConfigurationPlatforms) = preSolution
		Debug|Any CPU = Debug|Any CPU
		Release|Any CPU = Release|Any CPU
	EndGlobalSection
	GlobalSection(ProjectConfigurationPlatforms) = postSolution
		{1D08B8F2-C10D-43DB-AE0E-BF432EF4AA63}.Debug|Any CPU.ActiveCfg = Debug|Any CPU
		{1D08B8F2-C10D-43DB-AE0E-BF432EF4AA63}.Debug|Any CPU.Build.0 = Debug|Any CPU
		{1D08B8F2-C10D-43DB-AE0E-BF432EF4AA63}.Release|Any CPU.ActiveCfg = Release|Any CPU
		{1D08B8F2-C10D-43DB-AE0E-BF432EF4AA63}.Release|Any CPU.Build.0 = Release|Any CPU
	EndGlobalSection
	GlobalSection(SolutionProperties) = preSolution
		HideSolutionNode = FALSE
	EndGlobalSection
	GlobalSection(ExtensibilityGlobals) = postSolution
		SolutionGuid = {735AFDA2-F542-4730-9B00-284001318CEF}
	EndGlobalSection
EndGlobal
